
Microsoft Visual Studio Solution File, Format Version 12.00
# Visual Studio Version 16
VisualStudioVersion = 16.0.30907.101
MinimumVisualStudioVersion = 10.0.40219.1
Project("{FAE04EC0-301F-11D3-BF4B-00C04F79EFBC}") = "Tema3x3", "Tema3x3\Tema3x3.csproj", "{BF970731-1B31-4411-8CA0-12CA9C4B861E}"
EndProject
Global
	GlobalSection(SolutionConfigurationPlatforms) = preSolution
		Debug|Any CPU = Debug|Any CPU
		Release|Any CPU = Release|Any CPU
	EndGlobalSection
	GlobalSection(ProjectConfigurationPlatforms) = postSolution
		{BF970731-1B31-4411-8CA0-12CA9C4B861E}.Debug|Any CPU.ActiveCfg = Debug|Any CPU
		{BF970731-1B31-4411-8CA0-12CA9C4B861E}.Debug|Any CPU.Build.0 = Debug|Any CPU
		{BF970731-1B31-4411-8CA0-12CA9C4B861E}.Release|Any CPU.ActiveCfg = Release|Any CPU
		{BF970731-1B31-4411-8CA0-12CA9C4B861E}.Release|Any CPU.Build.0 = Release|Any CPU
	EndGlobalSection
	GlobalSection(SolutionProperties) = preSolution
		HideSolutionNode = FALSE
	EndGlobalSection
	GlobalSection(ExtensibilityGlobals) = postSolution
		SolutionGuid = {385B0853-DBFD-4ABD-B0FF-EBA5AAD270E5}
	EndGlobalSection
EndGlobal
